
Microsoft Visual Studio Solution File, Format Version 12.00
# Visual Studio Version 16
VisualStudioVersion = 16.0.30804.86
MinimumVisualStudioVersion = 10.0.40219.1
Project("{FAE04EC0-301F-11D3-BF4B-00C04F79EFBC}") = "CarRent", "CarRent\CarRent.csproj", "{795CE83B-3F5B-4A5A-8423-D639184B978A}"
EndProject
Global
	GlobalSection(SolutionConfigurationPlatforms) = preSolution
		Debug|Any CPU = Debug|Any CPU
		Release|Any CPU = Release|Any CPU
	EndGlobalSection
	GlobalSection(ProjectConfigurationPlatforms) = postSolution
		{795CE83B-3F5B-4A5A-8423-D639184B978A}.Debug|Any CPU.ActiveCfg = Debug|Any CPU
		{795CE83B-3F5B-4A5A-8423-D639184B978A}.Debug|Any CPU.Build.0 = Debug|Any CPU
		{795CE83B-3F5B-4A5A-8423-D639184B978A}.Release|Any CPU.ActiveCfg = Release|Any CPU
		{795CE83B-3F5B-4A5A-8423-D639184B978A}.Release|Any CPU.Build.0 = Release|Any CPU
	EndGlobalSection
	GlobalSection(SolutionProperties) = preSolution
		HideSolutionNode = FALSE
	EndGlobalSection
	GlobalSection(ExtensibilityGlobals) = postSolution
		SolutionGuid = {A7FEDEFD-51F6-49DD-9AA1-926DBD3101F7}
	EndGlobalSection
EndGlobal
